Microsoft Visual Studio Solution File, Format Version 12.00
# Visual Studio Version 17
VisualStudioVersion = 17.5.2.0
MinimumVisualStudioVersion = 10.0.40219.1
Project("{FAE04EC0-301F-11D3-BF4B-00C04F79EFBC}") = "Sample.Api", "Sample.Api.csproj", "{B15B9071-A95B-7C19-3CF1-1B58D48A0369}"
EndProject
Global
	GlobalSection(SolutionConfigurationPlatforms) = preSolution
		Debug|Any CPU = Debug|Any CPU
		Release|Any CPU = Release|Any CPU
	EndGlobalSection
	GlobalSection(ProjectConfigurationPlatforms) = postSolution
		{B15B9071-A95B-7C19-3CF1-1B58D48A0369}.Debug|Any CPU.ActiveCfg = Debug|Any CPU
		{B15B9071-A95B-7C19-3CF1-1B58D48A0369}.Debug|Any CPU.Build.0 = Debug|Any CPU
		{B15B9071-A95B-7C19-3CF1-1B58D48A0369}.Release|Any CPU.ActiveCfg = Release|Any CPU
		{B15B9071-A95B-7C19-3CF1-1B58D48A0369}.Release|Any CPU.Build.0 = Release|Any CPU
	EndGlobalSection
	GlobalSection(SolutionProperties) = preSolution
		HideSolutionNode = FALSE
	EndGlobalSection
	GlobalSection(ExtensibilityGlobals) = postSolution
		SolutionGuid = {E2423F89-C720-4840-AC19-AF19C12F9BF2}
	EndGlobalSection
EndGlobal
